{
  "name": "gitnexus-shared",
  "_buildId": "id_MC81OmFIVnBZMlhsaUpqbWxvYzZaVTl6U2c9PTo3ZThlMjgwYQ==",
  "version": "1.0.0",
  "_deployId": "id_MS81OmFIVnBZMlhsaUpqbWxvYzZaVTl6U2c9PTo3ZThlMjgwYQ==",
  "lockfileVersion": 3,
  "_releaseId": "id_Mi81OmFIVnBZMlhsaUpqbWxvYzZaVTl6U2c9PTo3ZThlMjgwYQ==",
  "requires": true,
  "_versionId": "id_My81OmFIVnBZMlhsaUpqbWxvYzZaVTl6U2c9PTo3ZThlMjgwYQ==",
  "packages": {
    "": {
      "name": "gitnexus-shared",
      "version": "1.0.0",
      "devDependencies": {
        "typescript": "^6.0.3"
      }
    },
    "node_modules/typescript": {
      "version": "6.0.3",
      "resolved": "https://registry.npmjs.org/typescript/-/typescript-6.0.3.tgz",
      "integrity": "sha512-y2TvuxSZPDyQakkFRPZHKFm+KKVqIisdg9/CZwm9ftvKXLP8NRWj38/ODjNbr43SsoXqNuAisEf1GdCxqWcdBw==",
      "dev": true,
      "license": "Apache-2.0",
      "bin": {
        "tsc": "bin/tsc",
        "tsserver": "bin/tsserver"
      },
      "engines": {
        "node": ">=14.17"
      }
    }
  },
  "_buildHash": "NC81OmFIVnBZMlhsaUpqbWxvYzZaVTl6U2c9PTo3ZThlMjgwYQ=="
}